
Microsoft Visual Studio Solution File, Format Version 12.00
# Visual Studio Version 17
VisualStudioVersion = 17.14.36518.9 d17.14
MinimumVisualStudioVersion = 10.0.40219.1
Project("{FAE04EC0-301F-11D3-BF4B-00C04F79EFBC}") = "26.09ExchangeRate", "26.09ExchangeRate\26.09ExchangeRate.csproj", "{C99A6189-632F-4AA2-A775-ADCA0A9EBBC7}"
EndProject
Project("{FAE04EC0-301F-11D3-BF4B-00C04F79EFBC}") = "Server", "Server\Server.csproj", "{51163A60-A318-4592-99DD-9B885622C069}"
EndProject
Global
	GlobalSection(SolutionConfigurationPlatforms) = preSolution
		Debug|Any CPU = Debug|Any CPU
		Release|Any CPU = Release|Any CPU
	EndGlobalSection
	GlobalSection(ProjectConfigurationPlatforms) = postSolution
		{C99A6189-632F-4AA2-A775-ADCA0A9EBBC7}.Debug|Any CPU.ActiveCfg = Debug|Any CPU
		{C99A6189-632F-4AA2-A775-ADCA0A9EBBC7}.Debug|Any CPU.Build.0 = Debug|Any CPU
		{C99A6189-632F-4AA2-A775-ADCA0A9EBBC7}.Release|Any CPU.ActiveCfg = Release|Any CPU
		{C99A6189-632F-4AA2-A775-ADCA0A9EBBC7}.Release|Any CPU.Build.0 = Release|Any CPU
		{51163A60-A318-4592-99DD-9B885622C069}.Debug|Any CPU.ActiveCfg = Debug|Any CPU
		{51163A60-A318-4592-99DD-9B885622C069}.Debug|Any CPU.Build.0 = Debug|Any CPU
		{51163A60-A318-4592-99DD-9B885622C069}.Release|Any CPU.ActiveCfg = Release|Any CPU
		{51163A60-A318-4592-99DD-9B885622C069}.Release|Any CPU.Build.0 = Release|Any CPU
	EndGlobalSection
	GlobalSection(SolutionProperties) = preSolution
		HideSolutionNode = FALSE
	EndGlobalSection
	GlobalSection(ExtensibilityGlobals) = postSolution
		SolutionGuid = {8362987C-4A5C-41E7-98DE-E2C6EB6BCFBA}
	EndGlobalSection
EndGlobal
